
Microsoft Visual Studio Solution File, Format Version 12.00
# Visual Studio Version 16
VisualStudioVersion = 16.0.30711.63
MinimumVisualStudioVersion = 10.0.40219.1
Project("{FAE04EC0-301F-11D3-BF4B-00C04F79EFBC}") = "BlazorApp5.Server", "BlazorApp5\Server\BlazorApp5.Server.csproj", "{13C0256E-F233-452D-90F5-1ABFC7528D29}"
EndProject
Project("{FAE04EC0-301F-11D3-BF4B-00C04F79EFBC}") = "BlazorApp5.Client", "BlazorApp5\Client\BlazorApp5.Client.csproj", "{94CED75D-05CB-4EB3-B417-C2316EF0E032}"
EndProject
Project("{FAE04EC0-301F-11D3-BF4B-00C04F79EFBC}") = "BlazorApp5.Shared", "BlazorApp5\Shared\BlazorApp5.Shared.csproj", "{53E09B5C-70A0-4C90-AD0A-545FC4CBFA6E}"
EndProject
Global
	GlobalSection(SolutionConfigurationPlatforms) = preSolution
		Debug|Any CPU = Debug|Any CPU
		Release|Any CPU = Release|Any CPU
	EndGlobalSection
	GlobalSection(ProjectConfigurationPlatforms) = postSolution
		{13C0256E-F233-452D-90F5-1ABFC7528D29}.Debug|Any CPU.ActiveCfg = Debug|Any CPU
		{13C0256E-F233-452D-90F5-1ABFC7528D29}.Debug|Any CPU.Build.0 = Debug|Any CPU
		{13C0256E-F233-452D-90F5-1ABFC7528D29}.Release|Any CPU.ActiveCfg = Release|Any CPU
		{13C0256E-F233-452D-90F5-1ABFC7528D29}.Release|Any CPU.Build.0 = Release|Any CPU
		{94CED75D-05CB-4EB3-B417-C2316EF0E032}.Debug|Any CPU.ActiveCfg = Debug|Any CPU
		{94CED75D-05CB-4EB3-B417-C2316EF0E032}.Debug|Any CPU.Build.0 = Debug|Any CPU
		{94CED75D-05CB-4EB3-B417-C2316EF0E032}.Release|Any CPU.ActiveCfg = Release|Any CPU
		{94CED75D-05CB-4EB3-B417-C2316EF0E032}.Release|Any CPU.Build.0 = Release|Any CPU
		{53E09B5C-70A0-4C90-AD0A-545FC4CBFA6E}.Debug|Any CPU.ActiveCfg = Debug|Any CPU
		{53E09B5C-70A0-4C90-AD0A-545FC4CBFA6E}.Debug|Any CPU.Build.0 = Debug|Any CPU
		{53E09B5C-70A0-4C90-AD0A-545FC4CBFA6E}.Release|Any CPU.ActiveCfg = Release|Any CPU
		{53E09B5C-70A0-4C90-AD0A-545FC4CBFA6E}.Release|Any CPU.Build.0 = Release|Any CPU
	EndGlobalSection
	GlobalSection(SolutionProperties) = preSolution
		HideSolutionNode = FALSE
	EndGlobalSection
	GlobalSection(ExtensibilityGlobals) = postSolution
		SolutionGuid = {DF4604F0-C1CD-43D1-A375-09955B738A84}
	EndGlobalSection
EndGlobal
